
Microsoft Visual Studio Solution File, Format Version 12.00
# Visual Studio Version 17
VisualStudioVersion = 17.1.32328.378
MinimumVisualStudioVersion = 10.0.40219.1
Project("{9A19103F-16F7-4668-BE54-9A1E7A4F7556}") = "Palink.Markdown", "Palink.Markdown\Palink.Markdown.csproj", "{6BF9BED7-D930-42FA-8739-24E858CAD7CA}"
EndProject
Project("{9A19103F-16F7-4668-BE54-9A1E7A4F7556}") = "PalinkBlazor.Markdown", "PalinkBlazor.Markdown\PalinkBlazor.Markdown.csproj", "{C90D2193-B6D8-4CF6-9226-8C3F872DE64B}"
EndProject
Global
	GlobalSection(SolutionConfigurationPlatforms) = preSolution
		Debug|Any CPU = Debug|Any CPU
		Release|Any CPU = Release|Any CPU
	EndGlobalSection
	GlobalSection(ProjectConfigurationPlatforms) = postSolution
		{6BF9BED7-D930-42FA-8739-24E858CAD7CA}.Debug|Any CPU.ActiveCfg = Debug|Any CPU
		{6BF9BED7-D930-42FA-8739-24E858CAD7CA}.Debug|Any CPU.Build.0 = Debug|Any CPU
		{6BF9BED7-D930-42FA-8739-24E858CAD7CA}.Release|Any CPU.ActiveCfg = Release|Any CPU
		{6BF9BED7-D930-42FA-8739-24E858CAD7CA}.Release|Any CPU.Build.0 = Release|Any CPU
		{C90D2193-B6D8-4CF6-9226-8C3F872DE64B}.Debug|Any CPU.ActiveCfg = Debug|Any CPU
		{C90D2193-B6D8-4CF6-9226-8C3F872DE64B}.Debug|Any CPU.Build.0 = Debug|Any CPU
		{C90D2193-B6D8-4CF6-9226-8C3F872DE64B}.Release|Any CPU.ActiveCfg = Release|Any CPU
		{C90D2193-B6D8-4CF6-9226-8C3F872DE64B}.Release|Any CPU.Build.0 = Release|Any CPU
	EndGlobalSection
	GlobalSection(SolutionProperties) = preSolution
		HideSolutionNode = FALSE
	EndGlobalSection
	GlobalSection(ExtensibilityGlobals) = postSolution
		SolutionGuid = {85EFB941-4CD7-4A2E-BDF7-870B511649D2}
	EndGlobalSection
EndGlobal
